
Microsoft Visual Studio Solution File, Format Version 12.00
# Visual Studio Version 16
VisualStudioVersion = 16.0.30225.117
MinimumVisualStudioVersion = 10.0.40219.1
Project("{FAE04EC0-301F-11D3-BF4B-00C04F79EFBC}") = "ConsoleApp1", "ConsoleApp1.csproj", "{29EB6C6E-575A-423D-AC28-A8D588B3C37F}"
EndProject
Global
	GlobalSection(SolutionConfigurationPlatforms) = preSolution
		Debug|Any CPU = Debug|Any CPU
		Release|Any CPU = Release|Any CPU
	EndGlobalSection
	GlobalSection(ProjectConfigurationPlatforms) = postSolution
		{29EB6C6E-575A-423D-AC28-A8D588B3C37F}.Debug|Any CPU.ActiveCfg = Debug|Any CPU
		{29EB6C6E-575A-423D-AC28-A8D588B3C37F}.Debug|Any CPU.Build.0 = Debug|Any CPU
		{29EB6C6E-575A-423D-AC28-A8D588B3C37F}.Release|Any CPU.ActiveCfg = Release|Any CPU
		{29EB6C6E-575A-423D-AC28-A8D588B3C37F}.Release|Any CPU.Build.0 = Release|Any CPU
	EndGlobalSection
	GlobalSection(SolutionProperties) = preSolution
		HideSolutionNode = FALSE
	EndGlobalSection
	GlobalSection(ExtensibilityGlobals) = postSolution
		SolutionGuid = {6C32E12C-0F77-4A95-ABEE-7634F4F21006}
	EndGlobalSection
EndGlobal
