
Microsoft Visual Studio Solution File, Format Version 12.00
# Visual Studio Version 16
VisualStudioVersion = 16.0.30225.117
MinimumVisualStudioVersion = 10.0.40219.1
Project("{9A19103F-16F7-4668-BE54-9A1E7A4F7556}") = "FirstProject", "FirstProject.csproj", "{B20E9A42-1E2E-4E99-9123-E5296952648F}"
EndProject
Global
	GlobalSection(SolutionConfigurationPlatforms) = preSolution
		Debug|Any CPU = Debug|Any CPU
		Release|Any CPU = Release|Any CPU
	EndGlobalSection
	GlobalSection(ProjectConfigurationPlatforms) = postSolution
		{B20E9A42-1E2E-4E99-9123-E5296952648F}.Debug|Any CPU.ActiveCfg = Debug|Any CPU
		{B20E9A42-1E2E-4E99-9123-E5296952648F}.Debug|Any CPU.Build.0 = Debug|Any CPU
		{B20E9A42-1E2E-4E99-9123-E5296952648F}.Release|Any CPU.ActiveCfg = Release|Any CPU
		{B20E9A42-1E2E-4E99-9123-E5296952648F}.Release|Any CPU.Build.0 = Release|Any CPU
	EndGlobalSection
	GlobalSection(SolutionProperties) = preSolution
		HideSolutionNode = FALSE
	EndGlobalSection
	GlobalSection(ExtensibilityGlobals) = postSolution
		SolutionGuid = {5F3EC60D-7A37-425E-9067-009B72743C44}
	EndGlobalSection
EndGlobal
