
Microsoft Visual Studio Solution File, Format Version 12.00
# Visual Studio Version 16
VisualStudioVersion = 16.0.30225.117
MinimumVisualStudioVersion = 10.0.40219.1
Project("{9A19103F-16F7-4668-BE54-9A1E7A4F7556}") = "PartyInvites", "PartyInvites.csproj", "{4CFCE0B9-6395-4013-9FF5-469E0BE41BE6}"
EndProject
Global
	GlobalSection(SolutionConfigurationPlatforms) = preSolution
		Debug|Any CPU = Debug|Any CPU
		Release|Any CPU = Release|Any CPU
	EndGlobalSection
	GlobalSection(ProjectConfigurationPlatforms) = postSolution
		{4CFCE0B9-6395-4013-9FF5-469E0BE41BE6}.Debug|Any CPU.ActiveCfg = Debug|Any CPU
		{4CFCE0B9-6395-4013-9FF5-469E0BE41BE6}.Debug|Any CPU.Build.0 = Debug|Any CPU
		{4CFCE0B9-6395-4013-9FF5-469E0BE41BE6}.Release|Any CPU.ActiveCfg = Release|Any CPU
		{4CFCE0B9-6395-4013-9FF5-469E0BE41BE6}.Release|Any CPU.Build.0 = Release|Any CPU
	EndGlobalSection
	GlobalSection(SolutionProperties) = preSolution
		HideSolutionNode = FALSE
	EndGlobalSection
	GlobalSection(ExtensibilityGlobals) = postSolution
		SolutionGuid = {316817AE-4DE1-4DE8-BA94-AB27334F8704}
	EndGlobalSection
EndGlobal
