
Microsoft Visual Studio Solution File, Format Version 12.00
# Visual Studio Version 16
VisualStudioVersion = 16.0.30225.117
MinimumVisualStudioVersion = 10.0.40219.1
Project("{FAE04EC0-301F-11D3-BF4B-00C04F79EFBC}") = "Quiz_08", "Quiz_08.csproj", "{22A44A5E-7B9A-4451-9674-7BB5210C1FB3}"
EndProject
Global
	GlobalSection(SolutionConfigurationPlatforms) = preSolution
		Debug|Any CPU = Debug|Any CPU
		Release|Any CPU = Release|Any CPU
	EndGlobalSection
	GlobalSection(ProjectConfigurationPlatforms) = postSolution
		{22A44A5E-7B9A-4451-9674-7BB5210C1FB3}.Debug|Any CPU.ActiveCfg = Debug|Any CPU
		{22A44A5E-7B9A-4451-9674-7BB5210C1FB3}.Debug|Any CPU.Build.0 = Debug|Any CPU
		{22A44A5E-7B9A-4451-9674-7BB5210C1FB3}.Release|Any CPU.ActiveCfg = Release|Any CPU
		{22A44A5E-7B9A-4451-9674-7BB5210C1FB3}.Release|Any CPU.Build.0 = Release|Any CPU
	EndGlobalSection
	GlobalSection(SolutionProperties) = preSolution
		HideSolutionNode = FALSE
	EndGlobalSection
	GlobalSection(ExtensibilityGlobals) = postSolution
		SolutionGuid = {AA6D66A9-F05E-431F-96A8-DAE2F5813649}
	EndGlobalSection
EndGlobal
