
Microsoft Visual Studio Solution File, Format Version 12.00
# Visual Studio Version 16
VisualStudioVersion = 16.0.30225.117
MinimumVisualStudioVersion = 10.0.40219.1
Project("{FAE04EC0-301F-11D3-BF4B-00C04F79EFBC}") = "Quiz 07", "Quiz 07.csproj", "{66D0D9EA-65CA-49F1-8472-A9835E59CC6A}"
EndProject
Global
	GlobalSection(SolutionConfigurationPlatforms) = preSolution
		Debug|Any CPU = Debug|Any CPU
		Release|Any CPU = Release|Any CPU
	EndGlobalSection
	GlobalSection(ProjectConfigurationPlatforms) = postSolution
		{66D0D9EA-65CA-49F1-8472-A9835E59CC6A}.Debug|Any CPU.ActiveCfg = Debug|Any CPU
		{66D0D9EA-65CA-49F1-8472-A9835E59CC6A}.Debug|Any CPU.Build.0 = Debug|Any CPU
		{66D0D9EA-65CA-49F1-8472-A9835E59CC6A}.Release|Any CPU.ActiveCfg = Release|Any CPU
		{66D0D9EA-65CA-49F1-8472-A9835E59CC6A}.Release|Any CPU.Build.0 = Release|Any CPU
	EndGlobalSection
	GlobalSection(SolutionProperties) = preSolution
		HideSolutionNode = FALSE
	EndGlobalSection
	GlobalSection(ExtensibilityGlobals) = postSolution
		SolutionGuid = {A17D36B4-98C0-4E46-BE1A-C87C02DADAA0}
	EndGlobalSection
EndGlobal
